// !$*UTF8*$!
{
	archiveVersion = 1;
	classes = {
	};
	objectVersion = 46;
	objects = {

/* Begin PBXBuildFile section */
		C212F0611EBFFD3500497B37 /* main.m in Sources */ = {isa = PBXBuildFile; fileRef = C212F0601EBFFD3500497B37 /* main.m */; };
		C212F0641EBFFD3500497B37 /* AppDelegate.m in Sources */ = {isa = PBXBuildFile; fileRef = C212F0631EBFFD3500497B37 /* AppDelegate.m */; };
		C212F0671EBFFD3500497B37 /* ViewController.m in Sources */ = {isa = PBXBuildFile; fileRef = C212F0661EBFFD3500497B37 /* ViewController.m */; };
		C212F06A1EBFFD3500497B37 /* Main.storyboard in Resources */ = {isa = PBXBuildFile; fileRef = C212F0681EBFFD3500497B37 /* Main.storyboard */; };
		C212F06C1EBFFD3500497B37 /* Assets.xcassets in Resources */ = {isa = PBXBuildFile; fileRef = C212F06B1EBFFD3500497B37 /* Assets.xcassets */; };
		C212F06F1EBFFD3500497B37 /* LaunchScreen.storyboard in Resources */ = {isa = PBXBuildFile; fileRef = C212F06D1EBFFD3500497B37 /* LaunchScreen.storyboard */; };
		C212F0781EBFFEC200497B37 /* UIAlertView+Extension.m in Sources */ = {isa = PBXBuildFile; fileRef = C212F0771EBFFEC200497B37 /* UIAlertView+Extension.m */; };
		C212F07B1EC005C700497B37 /* WSAlterView.m in Sources */ = {isa = PBXBuildFile; fileRef = C212F07A1EC005C700497B37 /* WSAlterView.m */; };
/* End PBXBuildFile section */

/* Begin PBXFileReference section */
		C212F05C1EBFFD3500497B37 /* AlertViewExample.app */ = {isa = PBXFileReference; explicitFileType = wrapper.application; includeInIndex = 0; path = AlertViewExample.app; sourceTree = BUILT_PRODUCTS_DIR; };
		C212F0601EBFFD3500497B37 /* main.m */ = {isa = PBXFileReference; lastKnownFileType = sourcecode.c.objc; path = main.m; sourceTree = "<group>"; };
		C212F0621EBFFD3500497B37 /* AppDelegate.h */ = {isa = PBXFileReference; lastKnownFileType = sourcecode.c.h; path = AppDelegate.h; sourceTree = "<group>"; };
		C212F0631EBFFD3500497B37 /* AppDelegate.m */ = {isa = PBXFileReference; lastKnownFileType = sourcecode.c.objc; path = AppDelegate.m; sourceTree = "<group>"; };
		C212F0651EBFFD3500497B37 /* ViewController.h */ = {isa = PBXFileReference; lastKnownFileType = sourcecode.c.h; path = ViewController.h; sourceTree = "<group>"; };
		C212F0661EBFFD3500497B37 /* ViewController.m */ = {isa = PBXFileReference; lastKnownFileType = sourcecode.c.objc; path = ViewController.m; sourceTree = "<group>"; };
		C212F0691EBFFD3500497B37 /* Base */ = {isa = PBXFileReference; lastKnownFileType = file.storyboard; name = Base; path = Base.lproj/Main.storyboard; sourceTree = "<group>"; };
		C212F06B1EBFFD3500497B37 /* Assets.xcassets */ = {isa = PBXFileReference; lastKnownFileType = folder.assetcatalog; path = Assets.xcassets; sourceTree = "<group>"; };
		C212F06E1EBFFD3500497B37 /* Base */ = {isa = PBXFileReference; lastKnownFileType = file.storyboard; name = Base; path = Base.lproj/LaunchScreen.storyboard; sourceTree = "<group>"; };
		C212F0701EBFFD3500497B37 /* Info.plist */ = {isa = PBXFileReference; lastKnownFileType = text.plist.xml; path = Info.plist; sourceTree = "<group>"; };
		C212F0761EBFFEC200497B37 /* UIAlertView+Extension.h */ = {isa = PBXFileReference; fileEncoding = 4; lastKnownFileType = sourcecode.c.h; path = "UIAlertView+Extension.h"; sourceTree = "<group>"; };
		C212F0771EBFFEC200497B37 /* UIAlertView+Extension.m */ = {isa = PBXFileReference; fileEncoding = 4; lastKnownFileType = sourcecode.c.objc; path = "UIAlertView+Extension.m"; sourceTree = "<group>"; };
		C212F0791EC005C700497B37 /* WSAlterView.h */ = {isa = PBXFileReference; fileEncoding = 4; lastKnownFileType = sourcecode.c.h; path = WSAlterView.h; sourceTree = "<group>"; };
		C212F07A1EC005C700497B37 /* WSAlterView.m */ = {isa = PBXFileReference; fileEncoding = 4; lastKnownFileType = sourcecode.c.objc; path = WSAlterView.m; sourceTree = "<group>"; };
/* End PBXFileReference section */

/* Begin PBXFrameworksBuildPhase section */
		C212F0591EBFFD3500497B37 /* Frameworks */ = {
			isa = PBXFrameworksBuildPhase;
			buildActionMask = 2147483647;
			files = (
			);
			runOnlyForDeploymentPostprocessing = 0;
		};
/* End PBXFrameworksBuildPhase section */

/* Begin PBXGroup section */
		C212F0531EBFFD3500497B37 = {
			isa = PBXGroup;
			children = (
				C212F05E1EBFFD3500497B37 /* AlertViewExample */,
				C212F05D1EBFFD3500497B37 /* Products */,
			);
			sourceTree = "<group>";
		};
		C212F05D1EBFFD3500497B37 /* Products */ = {
			isa = PBXGroup;
			children = (
				C212F05C1EBFFD3500497B37 /* AlertViewExample.app */,
			);
			name = Products;
			sourceTree = "<group>";
		};
		C212F05E1EBFFD3500497B37 /* AlertViewExample */ = {
			isa = PBXGroup;
			children = (
				C212F0621EBFFD3500497B37 /* AppDelegate.h */,
				C212F0631EBFFD3500497B37 /* AppDelegate.m */,
				C212F0651EBFFD3500497B37 /* ViewController.h */,
				C212F0661EBFFD3500497B37 /* ViewController.m */,
				C212F0791EC005C700497B37 /* WSAlterView.h */,
				C212F07A1EC005C700497B37 /* WSAlterView.m */,
				C212F0761EBFFEC200497B37 /* UIAlertView+Extension.h */,
				C212F0771EBFFEC200497B37 /* UIAlertView+Extension.m */,
				C212F05F1EBFFD3500497B37 /* Supporting Files */,
			);
			path = AlertViewExample;
			sourceTree = "<group>";
		};
		C212F05F1EBFFD3500497B37 /* Supporting Files */ = {
			isa = PBXGroup;
			children = (
				C212F0681EBFFD3500497B37 /* Main.storyboard */,
				C212F06B1EBFFD3500497B37 /* Assets.xcassets */,
				C212F06D1EBFFD3500497B37 /* LaunchScreen.storyboard */,
				C212F0701EBFFD3500497B37 /* Info.plist */,
				C212F0601EBFFD3500497B37 /* main.m */,
			);
			name = "Supporting Files";
			sourceTree = "<group>";
		};
/* End PBXGroup section */

/* Begin PBXNativeTarget section */
		C212F05B1EBFFD3500497B37 /* AlertViewExample */ = {
			isa = PBXNativeTarget;
			buildConfigurationList = C212F0731EBFFD3500497B37 /* Build configuration list for PBXNativeTarget "AlertViewExample" */;
			buildPhases = (
				C212F0581EBFFD3500497B37 /* Sources */,
				C212F0591EBFFD3500497B37 /* Frameworks */,
				C212F05A1EBFFD3500497B37 /* Resources */,
			);
			buildRules = (
			);
			dependencies = (
			);
			name = AlertViewExample;
			productName = AlertViewExample;
			productReference = C212F05C1EBFFD3500497B37 /* AlertViewExample.app */;
			productType = "com.apple.product-type.application";
		};
/* End PBXNativeTarget section */

/* Begin PBXProject section */
		C212F0541EBFFD3500497B37 /* Project object */ = {
			isa = PBXProject;
			attributes = {
				LastUpgradeCheck = 0830;
				ORGANIZATIONNAME = mawenshuai;
				TargetAttributes = {
					C212F05B1EBFFD3500497B37 = {
						CreatedOnToolsVersion = 8.3.2;
						ProvisioningStyle = Automatic;
					};
				};
			};
			buildConfigurationList = C212F0571EBFFD3500497B37 /* Build configuration list for PBXProject "AlertViewExample" */;
			compatibilityVersion = "Xcode 3.2";
			developmentRegion = English;
			hasScannedForEncodings = 0;
			knownRegions = (
				en,
				Base,
			);
			mainGroup = C212F0531EBFFD3500497B37;
			productRefGroup = C212F05D1EBFFD3500497B37 /* Products */;
			projectDirPath = "";
			projectRoot = "";
			targets = (
				C212F05B1EBFFD3500497B37 /* AlertViewExample */,
			);
		};
/* End PBXProject section */

/* Begin PBXResourcesBuildPhase section */
		C212F05A1EBFFD3500497B37 /* Resources */ = {
			isa = PBXResourcesBuildPhase;
			buildActionMask = 2147483647;
			files = (
				C212F06F1EBFFD3500497B37 /* LaunchScreen.storyboard in Resources */,
				C212F06C1EBFFD3500497B37 /* Assets.xcassets in Resources */,
				C212F06A1EBFFD3500497B37 /* Main.storyboard in Resources */,
			);
			runOnlyForDeploymentPostprocessing = 0;
		};
/* End PBXResourcesBuildPhase section */

/* Begin PBXSourcesBuildPhase section */
		C212F0581EBFFD3500497B37 /* Sources */ = {
			isa = PBXSourcesBuildPhase;
			buildActionMask = 2147483647;
			files = (
				C212F0671EBFFD3500497B37 /* ViewController.m in Sources */,
				C212F0641EBFFD3500497B37 /* AppDelegate.m in Sources */,
				C212F0611EBFFD3500497B37 /* main.m in Sources */,
				C212F0781EBFFEC200497B37 /* UIAlertView+Extension.m in Sources */,
				C212F07B1EC005C700497B37 /* WSAlterView.m in Sources */,
			);
			runOnlyForDeploymentPostprocessing = 0;
		};
/* End PBXSourcesBuildPhase section */

/* Begin PBXVariantGroup section */
		C212F0681EBFFD3500497B37 /* Main.storyboard */ = {
			isa = PBXVariantGroup;
			children = (
				C212F0691EBFFD3500497B37 /* Base */,
			);
			name = Main.storyboard;
			sourceTree = "<group>";
		};
		C212F06D1EBFFD3500497B37 /* LaunchScreen.storyboard */ = {
			isa = PBXVariantGroup;
			children = (
				C212F06E1EBFFD3500497B37 /* Base */,
			);
			name = LaunchScreen.storyboard;
			sourceTree = "<group>";
		};
/* End PBXVariantGroup section */

/* Begin XCBuildConfiguration section */
		C212F0711EBFFD3500497B37 /* Debug */ = {
			isa = XCBuildConfiguration;
			buildSettings = {
				ALWAYS_SEARCH_USER_PATHS = NO;
				CLANG_ANALYZER_NONNULL = YES;
				CLANG_ANALYZER_NUMBER_OBJECT_CONVERSION = YES_AGGRESSIVE;
				CLANG_CXX_LANGUAGE_STANDARD = "gnu++0x";
				CLANG_CXX_LIBRARY = "libc++";
				CLANG_ENABLE_MODULES = YES;
				CLANG_ENABLE_OBJC_ARC = YES;
				CLANG_WARN_BOOL_CONVERSION = YES;
				CLANG_WARN_CONSTANT_CONVERSION = YES;
				CLANG_WARN_DIRECT_OBJC_ISA_USAGE = YES_ERROR;
				CLANG_WARN_DOCUMENTATION_COMMENTS = YES;
				CLANG_WARN_EMPTY_BODY = YES;
				CLANG_WARN_ENUM_CONVERSION = YES;
				CLANG_WARN_INFINITE_RECURSION = YES;
				CLANG_WARN_INT_CONVERSION = YES;
				CLANG_WARN_OBJC_ROOT_CLASS = YES_ERROR;
				CLANG_WARN_SUSPICIOUS_MOVE = YES;
				CLANG_WARN_UNREACHABLE_CODE = YES;
				CLANG_WARN__DUPLICATE_METHOD_MATCH = YES;
				"CODE_SIGN_IDENTITY[sdk=iphoneos*]" = "iPhone Developer";
				COPY_PHASE_STRIP = NO;
				DEBUG_INFORMATION_FORMAT = dwarf;
				ENABLE_STRICT_OBJC_MSGSEND = YES;
				ENABLE_TESTABILITY = YES;
				GCC_C_LANGUAGE_STANDARD = gnu99;
				GCC_DYNAMIC_NO_PIC = NO;
				GCC_NO_COMMON_BLOCKS = YES;
				GCC_OPTIMIZATION_LEVEL = 0;
				GCC_PREPROCESSOR_DEFINITIONS = (
					"DEBUG=1",
					"$(inherited)",
				);
				GCC_WARN_64_TO_32_BIT_CONVERSION = YES;
				GCC_WARN_ABOUT_RETURN_TYPE = YES_ERROR;
				GCC_WARN_UNDECLARED_SELECTOR = YES;
				GCC_WARN_UNINITIALIZED_AUTOS = YES_AGGRESSIVE;
				GCC_WARN_UNUSED_FUNCTION = YES;
				GCC_WARN_UNUSED_VARIABLE = YES;
				IPHONEOS_DEPLOYMENT_TARGET = 10.3;
				MTL_ENABLE_DEBUG_INFO = YES;
				ONLY_ACTIVE_ARCH = YES;
				SDKROOT = iphoneos;
			};
			name = Debug;
		};
		C212F0721EBFFD3500497B37 /* Release */ = {
			isa = XCBuildConfiguration;
			buildSettings = {
				ALWAYS_SEARCH_USER_PATHS = NO;
				CLANG_ANALYZER_NONNULL = YES;
				CLANG_ANALYZER_NUMBER_OBJECT_CONVERSION = YES_AGGRESSIVE;
				CLANG_CXX_LANGUAGE_STANDARD = "gnu++0x";
				CLANG_CXX_LIBRARY = "libc++";
				CLANG_ENABLE_MODULES = YES;
				CLANG_ENABLE_OBJC_ARC = YES;
				CLANG_WARN_BOOL_CONVERSION = YES;
				CLANG_WARN_CONSTANT_CONVERSION = YES;
				CLANG_WARN_DIRECT_OBJC_ISA_USAGE = YES_ERROR;
				CLANG_WARN_DOCUMENTATION_COMMENTS = YES;
				CLANG_WARN_EMPTY_BODY = YES;
				CLANG_WARN_ENUM_CONVERSION = YES;
				CLANG_WARN_INFINITE_RECURSION = YES;
				CLANG_WARN_INT_CONVERSION = YES;
				CLANG_WARN_OBJC_ROOT_CLASS = YES_ERROR;
				CLANG_WARN_SUSPICIOUS_MOVE = YES;
				CLANG_WARN_UNREACHABLE_CODE = YES;
				CLANG_WARN__DUPLICATE_METHOD_MATCH = YES;
				"CODE_SIGN_IDENTITY[sdk=iphoneos*]" = "iPhone Developer";
				COPY_PHASE_STRIP = NO;
				DEBUG_INFORMATION_FORMAT = "dwarf-with-dsym";
				ENABLE_NS_ASSERTIONS = NO;
				ENABLE_STRICT_OBJC_MSGSEND = YES;
				GCC_C_LANGUAGE_STANDARD = gnu99;
				GCC_NO_COMMON_BLOCKS = YES;
				GCC_WARN_64_TO_32_BIT_CONVERSION = YES;
				GCC_WARN_ABOUT_RETURN_TYPE = YES_ERROR;
				GCC_WARN_UNDECLARED_SELECTOR = YES;
				GCC_WARN_UNINITIALIZED_AUTOS = YES_AGGRESSIVE;
				GCC_WARN_UNUSED_FUNCTION = YES;
				GCC_WARN_UNUSED_VARIABLE = YES;
				IPHONEOS_DEPLOYMENT_TARGET = 10.3;
				MTL_ENABLE_DEBUG_INFO = NO;
				SDKROOT = iphoneos;
				VALIDATE_PRODUCT = YES;
			};
			name = Release;
		};
		C212F0741EBFFD3500497B37 /* Debug */ = {
			isa = XCBuildConfiguration;
			buildSettings = {
				ASSETCATALOG_COMPILER_APPICON_NAME = AppIcon;
				INFOPLIST_FILE = AlertViewExample/Info.plist;
				IPHONEOS_DEPLOYMENT_TARGET = 8.0;
				LD_RUNPATH_SEARCH_PATHS = "$(inherited) @executable_path/Frameworks";
				PRODUCT_BUNDLE_IDENTIFIER = com.mawenshuai.www.AlertViewExample;
				PRODUCT_NAME = "$(TARGET_NAME)";
			};
			name = Debug;
		};
		C212F0751EBFFD3500497B37 /* Release */ = {
			isa = XCBuildConfiguration;
			buildSettings = {
				ASSETCATALOG_COMPILER_APPICON_NAME = AppIcon;
				INFOPLIST_FILE = AlertViewExample/Info.plist;
				IPHONEOS_DEPLOYMENT_TARGET = 8.0;
				LD_RUNPATH_SEARCH_PATHS = "$(inherited) @executable_path/Frameworks";
				PRODUCT_BUNDLE_IDENTIFIER = com.mawenshuai.www.AlertViewExample;
				PRODUCT_NAME = "$(TARGET_NAME)";
			};
			name = Release;
		};
/* End XCBuildConfiguration section */

/* Begin XCConfigurationList section */
		C212F0571EBFFD3500497B37 /* Build configuration list for PBXProject "AlertViewExample" */ = {
			isa = XCConfigurationList;
			buildConfigurations = (
				C212F0711EBFFD3500497B37 /* Debug */,
				C212F0721EBFFD3500497B37 /* Release */,
			);
			defaultConfigurationIsVisible = 0;
			defaultConfigurationName = Release;
		};
		C212F0731EBFFD3500497B37 /* Build configuration list for PBXNativeTarget "AlertViewExample" */ = {
			isa = XCConfigurationList;
			buildConfigurations = (
				C212F0741EBFFD3500497B37 /* Debug */,
				C212F0751EBFFD3500497B37 /* Release */,
			);
			defaultConfigurationIsVisible = 0;
		};
/* End XCConfigurationList section */
	};
	rootObject = C212F0541EBFFD3500497B37 /* Project object */;
}
